
Microsoft Visual Studio Solution File, Format Version 12.00
# Visual Studio Version 17
VisualStudioVersion = 17.2.32519.379
MinimumVisualStudioVersion = 10.0.40219.1
Project("{FAE04EC0-301F-11D3-BF4B-00C04F79EFBC}") = "WebApplication2", "WebApplication2\WebApplication2.csproj", "{FDB8C834-0B9E-426C-95B5-B6AF5591A7BB}"
EndProject
Global
	GlobalSection(SolutionConfigurationPlatforms) = preSolution
		Debug|Any CPU = Debug|Any CPU
		Release|Any CPU = Release|Any CPU
	EndGlobalSection
	GlobalSection(ProjectConfigurationPlatforms) = postSolution
		{FDB8C834-0B9E-426C-95B5-B6AF5591A7BB}.Debug|Any CPU.ActiveCfg = Debug|Any CPU
		{FDB8C834-0B9E-426C-95B5-B6AF5591A7BB}.Debug|Any CPU.Build.0 = Debug|Any CPU
		{FDB8C834-0B9E-426C-95B5-B6AF5591A7BB}.Release|Any CPU.ActiveCfg = Release|Any CPU
		{FDB8C834-0B9E-426C-95B5-B6AF5591A7BB}.Release|Any CPU.Build.0 = Release|Any CPU
	EndGlobalSection
	GlobalSection(SolutionProperties) = preSolution
		HideSolutionNode = FALSE
	EndGlobalSection
	GlobalSection(ExtensibilityGlobals) = postSolution
		SolutionGuid = {DDC421B9-6540-4D70-9AD8-D10E262C7CA3}
	EndGlobalSection
EndGlobal
